
Microsoft Visual Studio Solution File, Format Version 12.00
# Visual Studio Version 17
VisualStudioVersion = 17.6.33712.159
MinimumVisualStudioVersion = 10.0.40219.1
Project("{9A19103F-16F7-4668-BE54-9A1E7A4F7556}") = "TracksinoWebScrapper", "TracksinoWebScrapper\TracksinoWebScrapper.csproj", "{4C2339BF-641F-4682-BC9D-9076AB3ADD19}"
EndProject
Project("{FAE04EC0-301F-11D3-BF4B-00C04F79EFBC}") = "TracksineWebScrapperTrial", "TracksineWebScrapperTrial\TracksineWebScrapperTrial.csproj", "{BE6DD90A-5623-4B57-ABEA-DBF9D9BF987C}"
EndProject
Global
	GlobalSection(SolutionConfigurationPlatforms) = preSolution
		Debug|Any CPU = Debug|Any CPU
		Release|Any CPU = Release|Any CPU
	EndGlobalSection
	GlobalSection(ProjectConfigurationPlatforms) = postSolution
		{4C2339BF-641F-4682-BC9D-9076AB3ADD19}.Debug|Any CPU.ActiveCfg = Debug|Any CPU
		{4C2339BF-641F-4682-BC9D-9076AB3ADD19}.Debug|Any CPU.Build.0 = Debug|Any CPU
		{4C2339BF-641F-4682-BC9D-9076AB3ADD19}.Release|Any CPU.ActiveCfg = Release|Any CPU
		{4C2339BF-641F-4682-BC9D-9076AB3ADD19}.Release|Any CPU.Build.0 = Release|Any CPU
		{BE6DD90A-5623-4B57-ABEA-DBF9D9BF987C}.Debug|Any CPU.ActiveCfg = Debug|Any CPU
		{BE6DD90A-5623-4B57-ABEA-DBF9D9BF987C}.Debug|Any CPU.Build.0 = Debug|Any CPU
		{BE6DD90A-5623-4B57-ABEA-DBF9D9BF987C}.Release|Any CPU.ActiveCfg = Release|Any CPU
		{BE6DD90A-5623-4B57-ABEA-DBF9D9BF987C}.Release|Any CPU.Build.0 = Release|Any CPU
	EndGlobalSection
	GlobalSection(SolutionProperties) = preSolution
		HideSolutionNode = FALSE
	EndGlobalSection
	GlobalSection(ExtensibilityGlobals) = postSolution
		SolutionGuid = {F9CFB0CF-B07A-480F-922D-453E7B4F0EAE}
	EndGlobalSection
EndGlobal
